<?xml version="1.0" encoding="utf-8"?>
<Project ToolsVersion="4.0" xmlns="http://schemas.microsoft.com/developer/msbuild/2003">
  <ItemGroup>
    <Filter Include="Test App Code">
      <UniqueIdentifier>{4FC737F1-C7A5-4376-A066-2A32D752A2FF}</UniqueIdentifier>
      <Extensions>cpp;c;cc;cxx;def;odl;idl;hpj;bat;asm;asmx</Extensions>
    </Filter>
    <Filter Include="Engine Code">
      <UniqueIdentifier>{0459e500-4f26-4981-8450-7f6d7da0220a}</UniqueIdentifier>
    </Filter>
  </ItemGroup>
  <ItemGroup>
    <ClCompile Include="main.cpp">
      <Filter>Test App Code</Filter>
    </ClCompile>
    <ClCompile Include="..\Engine\IntVector2.cpp">
      <Filter>Engine Code</Filter>
    </ClCompile>
    <ClCompile Include="..\Engine\IntVector3.cpp">
      <Filter>Engine Code</Filter>
    </ClCompile>
    <ClCompile Include="..\Engine\Vector2.cpp">
      <Filter>Engine Code</Filter>
    </ClCompile>
    <ClCompile Include="..\Engine\Vector3.cpp">
      <Filter>Engine Code</Filter>
    </ClCompile>
    <ClCompile Include="..\Engine\MathUtilities.cpp">
      <Filter>Engine Code</Filter>
    </ClCompile>
    <ClCompile Include="..\Engine\ErrorWarningAssert.cpp">
      <Filter>Engine Code</Filter>
    </ClCompile>
    <ClCompile Include="..\Engine\StringUtils.cpp">
      <Filter>Engine Code</Filter>
    </ClCompile>
    <ClCompile Include="..\Engine\Time.cpp">
      <Filter>Engine Code</Filter>
    </ClCompile>
    <ClCompile Include="Map.cpp">
      <Filter>Test App Code</Filter>
    </ClCompile>
    <ClCompile Include="MapTile.cpp">
      <Filter>Test App Code</Filter>
    </ClCompile>
  </ItemGroup>
  <ItemGroup>
    <ClInclude Include="..\Engine\IntVector2.hpp">
      <Filter>Engine Code</Filter>
    </ClInclude>
    <ClInclude Include="..\Engine\IntVector3.hpp">
      <Filter>Engine Code</Filter>
    </ClInclude>
    <ClInclude Include="..\Engine\Vector2.hpp">
      <Filter>Engine Code</Filter>
    </ClInclude>
    <ClInclude Include="..\Engine\Vector3.hpp">
      <Filter>Engine Code</Filter>
    </ClInclude>
    <ClInclude Include="..\Engine\MathUtilities.hpp">
      <Filter>Engine Code</Filter>
    </ClInclude>
    <ClInclude Include="..\Engine\EngineBase.hpp">
      <Filter>Engine Code</Filter>
    </ClInclude>
    <ClInclude Include="..\Engine\ErrorWarningAssert.hpp">
      <Filter>Engine Code</Filter>
    </ClInclude>
    <ClInclude Include="..\Engine\StringUtils.hpp">
      <Filter>Engine Code</Filter>
    </ClInclude>
    <ClInclude Include="..\Engine\Time.hpp">
      <Filter>Engine Code</Filter>
    </ClInclude>
    <ClInclude Include="Map.hpp">
      <Filter>Test App Code</Filter>
    </ClInclude>
    <ClInclude Include="MapTile.hpp">
      <Filter>Test App Code</Filter>
    </ClInclude>
  </ItemGroup>
</Project>