
Microsoft Visual Studio Solution File, Format Version 12.00
# Visual Studio 14
VisualStudioVersion = 14.0.25420.1
MinimumVisualStudioVersion = 10.0.40219.1
Project("{8BC9CEB8-8B4A-11D0-8D11-00A0C91BC942}") = "SD7", "Code\Game\Game.vcxproj", "{0D38EB7C-DE09-4D9B-822C-FE258550DF56}"
EndProject
Project("{8BC9CEB8-8B4A-11D0-8D11-00A0C91BC942}") = "Engine", "..\..\Engine\Code\Engine\Engine.vcxproj", "{B2566DBC-F0DA-4BF8-A963-90BE8817752F}"
EndProject
Global
	GlobalSection(SolutionConfigurationPlatforms) = preSolution
		Debug|Win32 = Debug|Win32
		DebugInline|Win32 = DebugInline|Win32
		Release|Win32 = Release|Win32
	EndGlobalSection
	GlobalSection(ProjectConfigurationPlatforms) = postSolution
		{0D38EB7C-DE09-4D9B-822C-FE258550DF56}.Debug|Win32.ActiveCfg = Debug|Win32
		{0D38EB7C-DE09-4D9B-822C-FE258550DF56}.Debug|Win32.Build.0 = Debug|Win32
		{0D38EB7C-DE09-4D9B-822C-FE258550DF56}.DebugInline|Win32.ActiveCfg = DebugInline|Win32
		{0D38EB7C-DE09-4D9B-822C-FE258550DF56}.DebugInline|Win32.Build.0 = DebugInline|Win32
		{0D38EB7C-DE09-4D9B-822C-FE258550DF56}.Release|Win32.ActiveCfg = Release|Win32
		{0D38EB7C-DE09-4D9B-822C-FE258550DF56}.Release|Win32.Build.0 = Release|Win32
		{B2566DBC-F0DA-4BF8-A963-90BE8817752F}.Debug|Win32.ActiveCfg = Debug|Win32
		{B2566DBC-F0DA-4BF8-A963-90BE8817752F}.Debug|Win32.Build.0 = Debug|Win32
		{B2566DBC-F0DA-4BF8-A963-90BE8817752F}.DebugInline|Win32.ActiveCfg = DebugInline|Win32
		{B2566DBC-F0DA-4BF8-A963-90BE8817752F}.DebugInline|Win32.Build.0 = DebugInline|Win32
		{B2566DBC-F0DA-4BF8-A963-90BE8817752F}.Release|Win32.ActiveCfg = Release|Win32
		{B2566DBC-F0DA-4BF8-A963-90BE8817752F}.Release|Win32.Build.0 = Release|Win32
	EndGlobalSection
	GlobalSection(SolutionProperties) = preSolution
		HideSolutionNode = FALSE
	EndGlobalSection
EndGlobal
