<?xml version="1.0" encoding="utf-8"?>
<Project ToolsVersion="4.0" xmlns="http://schemas.microsoft.com/developer/msbuild/2003">
  <ItemGroup>
    <Filter Include="General">
      <UniqueIdentifier>{4FC737F1-C7A5-4376-A066-2A32D752A2FF}</UniqueIdentifier>
      <Extensions>
      </Extensions>
    </Filter>
    <Filter Include="Math">
      <UniqueIdentifier>{dd23ce36-0cd1-4acb-8f51-9b57ac96a88c}</UniqueIdentifier>
    </Filter>
    <Filter Include="Core">
      <UniqueIdentifier>{3b310739-8f22-4e53-ac2e-58241fbca95e}</UniqueIdentifier>
    </Filter>
    <Filter Include="Renderer">
      <UniqueIdentifier>{3cf40369-e6fe-4abd-bce6-955051bc6e97}</UniqueIdentifier>
    </Filter>
    <Filter Include="Audio">
      <UniqueIdentifier>{cf5ca307-458e-4d7b-92b6-2546d879108d}</UniqueIdentifier>
    </Filter>
    <Filter Include="ThirdParty">
      <UniqueIdentifier>{9dc67ffe-eb43-495c-8465-7b809128b285}</UniqueIdentifier>
    </Filter>
    <Filter Include="ThirdParty\fmod">
      <UniqueIdentifier>{7ff65969-9a86-40e6-ba81-06f486e1bf30}</UniqueIdentifier>
    </Filter>
    <Filter Include="Math\Particles">
      <UniqueIdentifier>{1935f18c-8956-465c-8119-c9f6cff2bcc8}</UniqueIdentifier>
    </Filter>
    <Filter Include="Renderer\Shaders">
      <UniqueIdentifier>{b23eca59-6ec4-4ccd-a431-e115f5b9b586}</UniqueIdentifier>
    </Filter>
  </ItemGroup>
  <ItemGroup>
    <ClCompile Include="Math\Vector2.cpp">
      <Filter>Math</Filter>
    </ClCompile>
    <ClCompile Include="MathUtils.cpp">
      <Filter>Math</Filter>
    </ClCompile>
    <ClCompile Include="Core\Time.cpp">
      <Filter>Core</Filter>
    </ClCompile>
    <ClCompile Include="Core\XboxController.cpp">
      <Filter>Core</Filter>
    </ClCompile>
    <ClCompile Include="Math\IntVector2.cpp">
      <Filter>Math</Filter>
    </ClCompile>
    <ClCompile Include="..\ThirdParty\stb\stb_image.c">
      <Filter>ThirdParty</Filter>
    </ClCompile>
    <ClCompile Include="Math\Rgba.cpp">
      <Filter>Math</Filter>
    </ClCompile>
    <ClCompile Include="Math\AABB2.cpp">
      <Filter>Math</Filter>
    </ClCompile>
    <ClCompile Include="Core\ErrorWarningAssert.cpp">
      <Filter>Core</Filter>
    </ClCompile>
    <ClCompile Include="Core\StringUtils.cpp">
      <Filter>Core</Filter>
    </ClCompile>
    <ClCompile Include="Renderer\SpriteSheet.cpp">
      <Filter>Renderer</Filter>
    </ClCompile>
    <ClCompile Include="Renderer\Renderer.cpp">
      <Filter>Renderer</Filter>
    </ClCompile>
    <ClCompile Include="Renderer\Texture.cpp">
      <Filter>Renderer</Filter>
    </ClCompile>
    <ClCompile Include="Audio\Audio.cpp">
      <Filter>Audio</Filter>
    </ClCompile>
    <ClCompile Include="Renderer\SpriteAnimation.cpp">
      <Filter>Renderer</Filter>
    </ClCompile>
    <ClCompile Include="Math\Vector3.cpp">
      <Filter>Math</Filter>
    </ClCompile>
    <ClCompile Include="Renderer\BitmapFont.cpp">
      <Filter>Renderer</Filter>
    </ClCompile>
    <ClCompile Include="Core\InputSystem.cpp">
      <Filter>Core</Filter>
    </ClCompile>
    <ClCompile Include="Math\EulerAngles.cpp">
      <Filter>Math</Filter>
    </ClCompile>
    <ClCompile Include="Math\AABB3.cpp">
      <Filter>Math</Filter>
    </ClCompile>
    <ClCompile Include="Math\IntVector3.cpp">
      <Filter>Math</Filter>
    </ClCompile>
    <ClCompile Include="Math\Noise.cpp">
      <Filter>Math</Filter>
    </ClCompile>
    <ClCompile Include="Core\FileUtils.cpp">
      <Filter>Core</Filter>
    </ClCompile>
    <ClCompile Include="Renderer\OpenGLExtensions.cpp">
      <Filter>Renderer</Filter>
    </ClCompile>
    <ClCompile Include="Renderer\RenderCommand.cpp">
      <Filter>Renderer</Filter>
    </ClCompile>
    <ClCompile Include="Renderer\BitmapFontMeta.cpp">
      <Filter>Renderer</Filter>
    </ClCompile>
    <ClCompile Include="Core\Console.cpp">
      <Filter>Core</Filter>
    </ClCompile>
    <ClCompile Include="Math\Particles\Particle.cpp">
      <Filter>Math\Particles</Filter>
    </ClCompile>
    <ClCompile Include="Math\Particles\Emitter.cpp">
      <Filter>Math\Particles</Filter>
    </ClCompile>
    <ClCompile Include="Core\EngineCommon.cpp">
      <Filter>Core</Filter>
    </ClCompile>
    <ClCompile Include="Core\Camera3D.cpp">
      <Filter>Core</Filter>
    </ClCompile>
    <ClCompile Include="Math\Vector4.cpp">
      <Filter>Math</Filter>
    </ClCompile>
    <ClCompile Include="Math\Matrix44.cpp">
      <Filter>Math</Filter>
    </ClCompile>
    <ClCompile Include="Renderer\Shaders\Mesh.cpp">
      <Filter>Renderer\Shaders</Filter>
    </ClCompile>
    <ClCompile Include="Math\Vector3Double.cpp">
      <Filter>Math</Filter>
    </ClCompile>
  </ItemGroup>
  <ItemGroup>
    <ClInclude Include="Math\Vector2.hpp">
      <Filter>Math</Filter>
    </ClInclude>
    <ClInclude Include="MathUtils.hpp">
      <Filter>Math</Filter>
    </ClInclude>
    <ClInclude Include="Core\Time.hpp">
      <Filter>Core</Filter>
    </ClInclude>
    <ClInclude Include="Core\XboxController.hpp">
      <Filter>Core</Filter>
    </ClInclude>
    <ClInclude Include="Math\IntVector2.hpp">
      <Filter>Math</Filter>
    </ClInclude>
    <ClInclude Include="Math\Rgba.hpp">
      <Filter>Math</Filter>
    </ClInclude>
    <ClInclude Include="Math\AABB2.hpp">
      <Filter>Math</Filter>
    </ClInclude>
    <ClInclude Include="Core\ErrorWarningAssert.hpp">
      <Filter>Core</Filter>
    </ClInclude>
    <ClInclude Include="Core\StringUtils.hpp">
      <Filter>Core</Filter>
    </ClInclude>
    <ClInclude Include="Renderer\SpriteSheet.hpp">
      <Filter>Renderer</Filter>
    </ClInclude>
    <ClInclude Include="Renderer\Renderer.hpp">
      <Filter>Renderer</Filter>
    </ClInclude>
    <ClInclude Include="Renderer\Texture.hpp">
      <Filter>Renderer</Filter>
    </ClInclude>
    <ClInclude Include="Audio\Audio.hpp">
      <Filter>Audio</Filter>
    </ClInclude>
    <ClInclude Include="..\ThirdParty\fmod\fmod.h">
      <Filter>ThirdParty\fmod</Filter>
    </ClInclude>
    <ClInclude Include="..\ThirdParty\fmod\fmod.hpp">
      <Filter>ThirdParty\fmod</Filter>
    </ClInclude>
    <ClInclude Include="..\ThirdParty\fmod\fmod_codec.h">
      <Filter>ThirdParty\fmod</Filter>
    </ClInclude>
    <ClInclude Include="..\ThirdParty\fmod\fmod_dsp.h">
      <Filter>ThirdParty\fmod</Filter>
    </ClInclude>
    <ClInclude Include="..\ThirdParty\fmod\fmod_errors.h">
      <Filter>ThirdParty\fmod</Filter>
    </ClInclude>
    <ClInclude Include="..\ThirdParty\fmod\fmod_memoryinfo.h">
      <Filter>ThirdParty\fmod</Filter>
    </ClInclude>
    <ClInclude Include="..\ThirdParty\fmod\fmod_output.h">
      <Filter>ThirdParty\fmod</Filter>
    </ClInclude>
    <ClInclude Include="Renderer\SpriteAnimation.hpp">
      <Filter>Renderer</Filter>
    </ClInclude>
    <ClInclude Include="Math\Vector3.hpp">
      <Filter>Math</Filter>
    </ClInclude>
    <ClInclude Include="Renderer\BitmapFont.hpp">
      <Filter>Renderer</Filter>
    </ClInclude>
    <ClInclude Include="Core\InputSystem.hpp">
      <Filter>Core</Filter>
    </ClInclude>
    <ClInclude Include="Math\EulerAngles.hpp">
      <Filter>Math</Filter>
    </ClInclude>
    <ClInclude Include="Math\AABB3.hpp">
      <Filter>Math</Filter>
    </ClInclude>
    <ClInclude Include="Math\IntVector3.hpp">
      <Filter>Math</Filter>
    </ClInclude>
    <ClInclude Include="Renderer\VertexPCT.hpp">
      <Filter>Renderer</Filter>
    </ClInclude>
    <ClInclude Include="Math\Noise.hpp">
      <Filter>Math</Filter>
    </ClInclude>
    <ClInclude Include="Core\FileUtils.hpp">
      <Filter>Core</Filter>
    </ClInclude>
    <ClInclude Include="Renderer\VertexPC.hpp">
      <Filter>Renderer</Filter>
    </ClInclude>
    <ClInclude Include="..\ThirdParty\OpenGL\glext.h">
      <Filter>Renderer</Filter>
    </ClInclude>
    <ClInclude Include="..\ThirdParty\OpenGL\wglext.h">
      <Filter>Renderer</Filter>
    </ClInclude>
    <ClInclude Include="Renderer\OpenGLExtensions.hpp">
      <Filter>Renderer</Filter>
    </ClInclude>
    <ClInclude Include="Renderer\RenderCommand.hpp">
      <Filter>Renderer</Filter>
    </ClInclude>
    <ClInclude Include="Renderer\BitmapFontMeta.hpp">
      <Filter>Renderer</Filter>
    </ClInclude>
    <ClInclude Include="Core\Console.hpp">
      <Filter>Core</Filter>
    </ClInclude>
    <ClInclude Include="Math\Particles\Particle.hpp">
      <Filter>Math\Particles</Filter>
    </ClInclude>
    <ClInclude Include="Math\Particles\Emitter.hpp">
      <Filter>Math\Particles</Filter>
    </ClInclude>
    <ClInclude Include="Core\EngineCommon.hpp">
      <Filter>Core</Filter>
    </ClInclude>
    <ClInclude Include="Core\Camera3D.hpp">
      <Filter>Core</Filter>
    </ClInclude>
    <ClInclude Include="Math\Vector4.hpp">
      <Filter>Math</Filter>
    </ClInclude>
    <ClInclude Include="Math\Matrix44.hpp">
      <Filter>Math</Filter>
    </ClInclude>
    <ClInclude Include="Renderer\Shaders\Mesh.hpp">
      <Filter>Renderer\Shaders</Filter>
    </ClInclude>
    <ClInclude Include="Math\Vector3Double.hpp">
      <Filter>Math</Filter>
    </ClInclude>
    <ClInclude Include="RayTriangleIntersection.h">
      <Filter>Math</Filter>
    </ClInclude>
  </ItemGroup>
  <ItemGroup>
    <Library Include="..\ThirdParty\fmod\fmodex_vc.lib">
      <Filter>ThirdParty\fmod</Filter>
    </Library>
  </ItemGroup>
</Project>