<?xml version="1.0" encoding="utf-8"?>
<Project ToolsVersion="4.0" xmlns="http://schemas.microsoft.com/developer/msbuild/2003">
  <ItemGroup>
    <Filter Include="General">
      <UniqueIdentifier>{4FC737F1-C7A5-4376-A066-2A32D752A2FF}</UniqueIdentifier>
      <Extensions>
      </Extensions>
    </Filter>
  </ItemGroup>
  <ItemGroup>
    <ClCompile Include="Main_Win32.cpp">
      <Filter>General</Filter>
    </ClCompile>
    <ClCompile Include="TheGame.cpp">
      <Filter>General</Filter>
    </ClCompile>
    <ClCompile Include="PlayerBall.cpp">
      <Filter>General</Filter>
    </ClCompile>
    <ClCompile Include="Tile.cpp">
      <Filter>General</Filter>
    </ClCompile>
    <ClCompile Include="PowerUp.cpp">
      <Filter>General</Filter>
    </ClCompile>
    <ClCompile Include="IndicatorBall.cpp">
      <Filter>General</Filter>
    </ClCompile>
    <ClCompile Include="AimLine.cpp">
      <Filter>General</Filter>
    </ClCompile>
    <ClCompile Include="Neuron.cpp">
      <Filter>General</Filter>
    </ClCompile>
    <ClCompile Include="NeuralNetworkLayer.cpp">
      <Filter>General</Filter>
    </ClCompile>
    <ClCompile Include="NeuralNetwork.cpp">
      <Filter>General</Filter>
    </ClCompile>
    <ClCompile Include="Neuroevolution.cpp">
      <Filter>General</Filter>
    </ClCompile>
    <ClCompile Include="Genome.cpp">
      <Filter>General</Filter>
    </ClCompile>
    <ClCompile Include="Generation.cpp">
      <Filter>General</Filter>
    </ClCompile>
    <ClCompile Include="Generations.cpp">
      <Filter>General</Filter>
    </ClCompile>
  </ItemGroup>
  <ItemGroup>
    <ClInclude Include="TheGame.hpp">
      <Filter>General</Filter>
    </ClInclude>
    <ClInclude Include="PlayerBall.hpp">
      <Filter>General</Filter>
    </ClInclude>
    <ClInclude Include="Tile.hpp">
      <Filter>General</Filter>
    </ClInclude>
    <ClInclude Include="PowerUp.hpp">
      <Filter>General</Filter>
    </ClInclude>
    <ClInclude Include="IndicatorBall.hpp">
      <Filter>General</Filter>
    </ClInclude>
    <ClInclude Include="AimLine.hpp">
      <Filter>General</Filter>
    </ClInclude>
    <ClInclude Include="Neuron.hpp">
      <Filter>General</Filter>
    </ClInclude>
    <ClInclude Include="NeuralNetworkLayer.hpp">
      <Filter>General</Filter>
    </ClInclude>
    <ClInclude Include="NeuralNetwork.hpp">
      <Filter>General</Filter>
    </ClInclude>
    <ClInclude Include="Neuroevolution.hpp">
      <Filter>General</Filter>
    </ClInclude>
    <ClInclude Include="Genome.hpp">
      <Filter>General</Filter>
    </ClInclude>
    <ClInclude Include="Generation.hpp">
      <Filter>General</Filter>
    </ClInclude>
    <ClInclude Include="Generations.hpp">
      <Filter>General</Filter>
    </ClInclude>
  </ItemGroup>
</Project>