<?xml version="1.0" encoding="utf-8"?>
<Project ToolsVersion="4.0" xmlns="http://schemas.microsoft.com/developer/msbuild/2003">
  <ItemGroup>
    <Filter Include="Core">
      <UniqueIdentifier>{1500a44c-4ac1-4c3b-8a68-fc2821fb87af}</UniqueIdentifier>
    </Filter>
    <Filter Include="Entities">
      <UniqueIdentifier>{098305d0-b124-4bdf-84e0-b03cab1f0364}</UniqueIdentifier>
    </Filter>
    <Filter Include="Environment">
      <UniqueIdentifier>{d4a8899f-6d47-49e8-b26a-7115534c40ed}</UniqueIdentifier>
    </Filter>
    <Filter Include="Effects">
      <UniqueIdentifier>{202a18d6-c1d4-4e43-9d3b-4e8b7111e024}</UniqueIdentifier>
    </Filter>
    <Filter Include="AI">
      <UniqueIdentifier>{bd42084a-fe68-44d1-837b-1589c105d3c1}</UniqueIdentifier>
    </Filter>
  </ItemGroup>
  <ItemGroup>
    <ClCompile Include="Core\GameCommon.cpp">
      <Filter>Core</Filter>
    </ClCompile>
    <ClCompile Include="Core\Main_Win32.cpp">
      <Filter>Core</Filter>
    </ClCompile>
    <ClCompile Include="Core\TheApp.cpp">
      <Filter>Core</Filter>
    </ClCompile>
    <ClCompile Include="Core\TheGame.cpp">
      <Filter>Core</Filter>
    </ClCompile>
    <ClCompile Include="Entities\Entity.cpp">
      <Filter>Entities</Filter>
    </ClCompile>
    <ClCompile Include="Environment\Map.cpp">
      <Filter>Environment</Filter>
    </ClCompile>
    <ClCompile Include="Environment\Tile.cpp">
      <Filter>Environment</Filter>
    </ClCompile>
    <ClCompile Include="Entities\PlayerBullet.cpp">
      <Filter>Entities</Filter>
    </ClCompile>
    <ClCompile Include="Effects\Explosion.cpp">
      <Filter>Effects</Filter>
    </ClCompile>
    <ClCompile Include="Entities\Player.cpp">
      <Filter>Entities</Filter>
    </ClCompile>
    <ClCompile Include="Entities\Enemy.cpp">
      <Filter>Entities</Filter>
    </ClCompile>
    <ClCompile Include="Entities\EnemyBullet.cpp">
      <Filter>Entities</Filter>
    </ClCompile>
    <ClCompile Include="Entities\Bullet.cpp">
      <Filter>Entities</Filter>
    </ClCompile>
    <ClCompile Include="Entities\Star.cpp">
      <Filter>Entities</Filter>
    </ClCompile>
    <ClCompile Include="AI\Path.cpp">
      <Filter>AI</Filter>
    </ClCompile>
    <ClCompile Include="AI\SteeringManager.cpp">
      <Filter>AI</Filter>
    </ClCompile>
    <ClCompile Include="Entities\NetObject.cpp">
      <Filter>Entities</Filter>
    </ClCompile>
    <ClCompile Include="Entities\NetPlayer.cpp">
      <Filter>Entities</Filter>
    </ClCompile>
    <ClCompile Include="Entities\NetBullet.cpp">
      <Filter>Entities</Filter>
    </ClCompile>
  </ItemGroup>
  <ItemGroup>
    <ClInclude Include="Core\GameCommon.hpp">
      <Filter>Core</Filter>
    </ClInclude>
    <ClInclude Include="Core\TheApp.hpp">
      <Filter>Core</Filter>
    </ClInclude>
    <ClInclude Include="Core\TheGame.hpp">
      <Filter>Core</Filter>
    </ClInclude>
    <ClInclude Include="Entities\Entity.hpp">
      <Filter>Entities</Filter>
    </ClInclude>
    <ClInclude Include="Environment\Map.hpp">
      <Filter>Environment</Filter>
    </ClInclude>
    <ClInclude Include="Environment\Tile.hpp">
      <Filter>Environment</Filter>
    </ClInclude>
    <ClInclude Include="Entities\PlayerBullet.hpp">
      <Filter>Entities</Filter>
    </ClInclude>
    <ClInclude Include="Effects\Explosion.hpp">
      <Filter>Effects</Filter>
    </ClInclude>
    <ClInclude Include="Entities\Player.hpp">
      <Filter>Entities</Filter>
    </ClInclude>
    <ClInclude Include="Entities\Enemy.hpp">
      <Filter>Entities</Filter>
    </ClInclude>
    <ClInclude Include="Entities\EnemyBullet.hpp">
      <Filter>Entities</Filter>
    </ClInclude>
    <ClInclude Include="Entities\Bullet.hpp">
      <Filter>Entities</Filter>
    </ClInclude>
    <ClInclude Include="Entities\Star.hpp">
      <Filter>Entities</Filter>
    </ClInclude>
    <ClInclude Include="AI\Path.hpp">
      <Filter>AI</Filter>
    </ClInclude>
    <ClInclude Include="AI\SteeringManager.hpp">
      <Filter>AI</Filter>
    </ClInclude>
    <ClInclude Include="Entities\NetObject.hpp">
      <Filter>Entities</Filter>
    </ClInclude>
    <ClInclude Include="Entities\NetPlayer.hpp">
      <Filter>Entities</Filter>
    </ClInclude>
    <ClInclude Include="Entities\NetBullet.hpp">
      <Filter>Entities</Filter>
    </ClInclude>
  </ItemGroup>
</Project>