<?xml version="1.0" encoding="utf-8"?>
<Project ToolsVersion="4.0" xmlns="http://schemas.microsoft.com/developer/msbuild/2003">
  <ItemGroup>
    <Filter Include="General">
      <UniqueIdentifier>{4FC737F1-C7A5-4376-A066-2A32D752A2FF}</UniqueIdentifier>
      <Extensions>
      </Extensions>
    </Filter>
    <Filter Include="DebugRenderer">
      <UniqueIdentifier>{1e83ac3b-74dd-4074-b72c-3164bc682378}</UniqueIdentifier>
    </Filter>
  </ItemGroup>
  <ItemGroup>
    <ClCompile Include="TheGame.cpp">
      <Filter>General</Filter>
    </ClCompile>
    <ClCompile Include="TheApp.cpp">
      <Filter>General</Filter>
    </ClCompile>
    <ClCompile Include="Main_Win32.cpp">
      <Filter>General</Filter>
    </ClCompile>
    <ClCompile Include="World.cpp">
      <Filter>General</Filter>
    </ClCompile>
    <ClCompile Include="Player.cpp">
      <Filter>General</Filter>
    </ClCompile>
    <ClCompile Include="GameCommon.cpp" />
    <ClCompile Include="RenderCommand.cpp">
      <Filter>DebugRenderer</Filter>
    </ClCompile>
    <ClCompile Include="YoYo.cpp" />
    <ClCompile Include="Node.cpp" />
    <ClCompile Include="Spring.cpp" />
    <ClCompile Include="Cloth.cpp" />
    <ClCompile Include="BallState.cpp" />
    <ClCompile Include="Ball.cpp" />
    <ClCompile Include="ClothCollisionHelper.cpp">
      <Filter>General</Filter>
    </ClCompile>
  </ItemGroup>
  <ItemGroup>
    <ClInclude Include="TheGame.hpp">
      <Filter>General</Filter>
    </ClInclude>
    <ClInclude Include="TheApp.hpp">
      <Filter>General</Filter>
    </ClInclude>
    <ClInclude Include="World.hpp">
      <Filter>General</Filter>
    </ClInclude>
    <ClInclude Include="Player.hpp">
      <Filter>General</Filter>
    </ClInclude>
    <ClInclude Include="GameCommon.hpp" />
    <ClInclude Include="RenderCommand.hpp">
      <Filter>DebugRenderer</Filter>
    </ClInclude>
    <ClInclude Include="YoYo.hpp" />
    <ClInclude Include="Node.hpp" />
    <ClInclude Include="Spring.hpp" />
    <ClInclude Include="Cloth.hpp" />
    <ClInclude Include="BallState.hpp" />
    <ClInclude Include="Ball.hpp" />
    <ClInclude Include="ClothCollisionHelper.hpp">
      <Filter>General</Filter>
    </ClInclude>
  </ItemGroup>
</Project>